
Microsoft Visual Studio Solution File, Format Version 12.00
# Visual Studio Version 17
VisualStudioVersion = 17.14.36414.22 d17.14
MinimumVisualStudioVersion = 10.0.40219.1
Project("{FAE04EC0-301F-11D3-BF4B-00C04F79EFBC}") = "TeamsIntegrationEnabler", "TeamsIntegrationEnabler.csproj", "{C33E9A51-E574-4D9E-A813-4A716EF5B68C}"
EndProject
Global
	GlobalSection(SolutionConfigurationPlatforms) = preSolution
		Debug|Any CPU = Debug|Any CPU
		Release|Any CPU = Release|Any CPU
	EndGlobalSection
	GlobalSection(ProjectConfigurationPlatforms) = postSolution
		{C33E9A51-E574-4D9E-A813-4A716EF5B68C}.Debug|Any CPU.ActiveCfg = Debug|Any CPU
		{C33E9A51-E574-4D9E-A813-4A716EF5B68C}.Debug|Any CPU.Build.0 = Debug|Any CPU
		{C33E9A51-E574-4D9E-A813-4A716EF5B68C}.Release|Any CPU.ActiveCfg = Release|Any CPU
		{C33E9A51-E574-4D9E-A813-4A716EF5B68C}.Release|Any CPU.Build.0 = Release|Any CPU
	EndGlobalSection
	GlobalSection(SolutionProperties) = preSolution
		HideSolutionNode = FALSE
	EndGlobalSection
	GlobalSection(ExtensibilityGlobals) = postSolution
		SolutionGuid = {AC523741-B446-45D1-9454-B6E3864B6328}
	EndGlobalSection
EndGlobal
